{
  "dependencies": {
    "JSONStream": {
      "version": "0.10.0",
      "resolved": "https://registry.npmjs.org/JSONStream/-/JSONStream-0.10.0.tgz",
      "from": "JSONStream@0.10.0"
    },
    "clarinet": {
      "version": "0.7.3",
      "resolved": "https://registry.npmjs.org/clarinet/-/clarinet-0.7.3.tgz",
      "from": "clarinet@>=0.7.0 <0.8.0"
    },
    "core-util-is": {
      "version": "1.0.2",
      "resolved": "https://registry.npmjs.org/core-util-is/-/core-util-is-1.0.2.tgz",
      "from": "core-util-is@>=1.0.0 <1.1.0"
    },
    "debug": {
      "version": "0.7.4",
      "resolved": "https://registry.npmjs.org/debug/-/debug-0.7.4.tgz",
      "from": "debug@>=0.7.4 <0.8.0"
    },
    "docker-events": {
      "version": "0.0.2",
      "resolved": "https://registry.npmjs.org/docker-events/-/docker-events-0.0.2.tgz",
      "from": "docker-events@0.0.2"
    },
    "docker-modem": {
      "version": "0.3.1",
      "resolved": "https://registry.npmjs.org/docker-modem/-/docker-modem-0.3.1.tgz",
      "from": "docker-modem@>=0.3.0 <0.4.0"
    },
    "dockerode": {
      "version": "2.2.10",
      "resolved": "https://registry.npmjs.org/dockerode/-/dockerode-2.2.10.tgz",
      "from": "dockerode@2.2.10"
    },
    "follow-redirects": {
      "version": "0.0.3",
      "resolved": "https://registry.npmjs.org/follow-redirects/-/follow-redirects-0.0.3.tgz",
      "from": "follow-redirects@0.0.3"
    },
    "inherits": {
      "version": "2.0.3",
      "resolved": "http://registry.npmjs.org/inherits/-/inherits-2.0.3.tgz",
      "from": "inherits@>=2.0.1 <2.1.0"
    },
    "isarray": {
      "version": "0.0.1",
      "resolved": "https://registry.npmjs.org/isarray/-/isarray-0.0.1.tgz",
      "from": "isarray@0.0.1"
    },
    "jsonparse": {
      "version": "0.0.5",
      "resolved": "https://registry.npmjs.org/jsonparse/-/jsonparse-0.0.5.tgz",
      "from": "jsonparse@0.0.5"
    },
    "jsuck": {
      "version": "0.0.4",
      "resolved": "https://registry.npmjs.org/jsuck/-/jsuck-0.0.4.tgz",
      "from": "jsuck@0.0.4"
    },
    "readable-stream": {
      "version": "1.0.34",
      "resolved": "https://registry.npmjs.org/readable-stream/-/readable-stream-1.0.34.tgz",
      "from": "readable-stream@>=1.0.26-4 <1.1.0"
    },
    "split-ca": {
      "version": "1.0.1",
      "resolved": "https://registry.npmjs.org/split-ca/-/split-ca-1.0.1.tgz",
      "from": "split-ca@>=1.0.0 <2.0.0"
    },
    "string_decoder": {
      "version": "0.10.31",
      "resolved": "https://registry.npmjs.org/string_decoder/-/string_decoder-0.10.31.tgz",
      "from": "string_decoder@>=0.10.0 <0.11.0"
    },
    "through": {
      "version": "2.3.8",
      "resolved": "https://registry.npmjs.org/through/-/through-2.3.8.tgz",
      "from": "through@>=2.2.7 <3.0.0"
    },
    "underscore": {
      "version": "1.8.3",
      "resolved": "https://registry.npmjs.org/underscore/-/underscore-1.8.3.tgz",
      "from": "underscore@latest"
    }
  }
}
